
Microsoft Visual Studio Solution File, Format Version 12.00
Project("{2150E333-8FDC-42A3-9474-1A3956D46DE8}") = "src", "src", "{089C4CC8-C7AC-4BFF-B627-ABE70246493C}"
EndProject
Project("{2150E333-8FDC-42A3-9474-1A3956D46DE8}") = "tests", "tests", "{C9B21426-8BA5-4B5E-B7B8-49F935830E76}"
EndProject
Project("{2150E333-8FDC-42A3-9474-1A3956D46DE8}") = "deploy", "deploy", "{0B559BE5-5665-4621-8760-F1A799D02AA4}"
EndProject
Project("{2150E333-8FDC-42A3-9474-1A3956D46DE8}") = "common", "common", "{A34AF18C-C17C-4A69-A7B5-8D77597E3030}"
EndProject
Project("{FAE04EC0-301F-11D3-BF4B-00C04F79EFBC}") = "RefLink.LinkApi", "..\src\RefLink.LinkApi\RefLink.LinkApi.csproj", "{BA91F50E-4380-4871-8AF1-9610DF04D1C7}"
EndProject
Project("{FAE04EC0-301F-11D3-BF4B-00C04F79EFBC}") = "RefLink.Application", "..\src\RefLink.Application\RefLink.Application.csproj", "{D17A61FC-9DFC-465E-9EE7-9FF724FA2F6B}"
EndProject
Project("{FAE04EC0-301F-11D3-BF4B-00C04F79EFBC}") = "RefLink.Core", "..\src\RefLink.Core\RefLink.Core.csproj", "{68ED0E4A-78F8-40BA-A495-217ED60BF92F}"
EndProject
Project("{FAE04EC0-301F-11D3-BF4B-00C04F79EFBC}") = "RefLink.DataAccess", "..\src\RefLink.DataAccess\RefLink.DataAccess.csproj", "{B76444CC-EC9A-4EC3-85CC-4C3F5D9CFA31}"
EndProject
Project("{FAE04EC0-301F-11D3-BF4B-00C04F79EFBC}") = "RefLink.WebUI", "..\src\RefLink.WebUI\RefLink.WebUI.csproj", "{7892E032-EB77-47CB-AC93-5BC73ABFC5FF}"
EndProject
Global
	GlobalSection(SolutionConfigurationPlatforms) = preSolution
		Debug|Any CPU = Debug|Any CPU
		Release|Any CPU = Release|Any CPU
	EndGlobalSection
	GlobalSection(NestedProjects) = preSolution
		{BA91F50E-4380-4871-8AF1-9610DF04D1C7} = {089C4CC8-C7AC-4BFF-B627-ABE70246493C}
		{D17A61FC-9DFC-465E-9EE7-9FF724FA2F6B} = {089C4CC8-C7AC-4BFF-B627-ABE70246493C}
		{68ED0E4A-78F8-40BA-A495-217ED60BF92F} = {089C4CC8-C7AC-4BFF-B627-ABE70246493C}
		{B76444CC-EC9A-4EC3-85CC-4C3F5D9CFA31} = {089C4CC8-C7AC-4BFF-B627-ABE70246493C}
		{7892E032-EB77-47CB-AC93-5BC73ABFC5FF} = {089C4CC8-C7AC-4BFF-B627-ABE70246493C}
	EndGlobalSection
	GlobalSection(ProjectConfigurationPlatforms) = postSolution
		{BA91F50E-4380-4871-8AF1-9610DF04D1C7}.Debug|Any CPU.ActiveCfg = Debug|Any CPU
		{BA91F50E-4380-4871-8AF1-9610DF04D1C7}.Debug|Any CPU.Build.0 = Debug|Any CPU
		{BA91F50E-4380-4871-8AF1-9610DF04D1C7}.Release|Any CPU.ActiveCfg = Release|Any CPU
		{BA91F50E-4380-4871-8AF1-9610DF04D1C7}.Release|Any CPU.Build.0 = Release|Any CPU
		{D17A61FC-9DFC-465E-9EE7-9FF724FA2F6B}.Debug|Any CPU.ActiveCfg = Debug|Any CPU
		{D17A61FC-9DFC-465E-9EE7-9FF724FA2F6B}.Debug|Any CPU.Build.0 = Debug|Any CPU
		{D17A61FC-9DFC-465E-9EE7-9FF724FA2F6B}.Release|Any CPU.ActiveCfg = Release|Any CPU
		{D17A61FC-9DFC-465E-9EE7-9FF724FA2F6B}.Release|Any CPU.Build.0 = Release|Any CPU
		{68ED0E4A-78F8-40BA-A495-217ED60BF92F}.Debug|Any CPU.ActiveCfg = Debug|Any CPU
		{68ED0E4A-78F8-40BA-A495-217ED60BF92F}.Debug|Any CPU.Build.0 = Debug|Any CPU
		{68ED0E4A-78F8-40BA-A495-217ED60BF92F}.Release|Any CPU.ActiveCfg = Release|Any CPU
		{68ED0E4A-78F8-40BA-A495-217ED60BF92F}.Release|Any CPU.Build.0 = Release|Any CPU
		{B76444CC-EC9A-4EC3-85CC-4C3F5D9CFA31}.Debug|Any CPU.ActiveCfg = Debug|Any CPU
		{B76444CC-EC9A-4EC3-85CC-4C3F5D9CFA31}.Debug|Any CPU.Build.0 = Debug|Any CPU
		{B76444CC-EC9A-4EC3-85CC-4C3F5D9CFA31}.Release|Any CPU.ActiveCfg = Release|Any CPU
		{B76444CC-EC9A-4EC3-85CC-4C3F5D9CFA31}.Release|Any CPU.Build.0 = Release|Any CPU
		{7892E032-EB77-47CB-AC93-5BC73ABFC5FF}.Debug|Any CPU.ActiveCfg = Debug|Any CPU
		{7892E032-EB77-47CB-AC93-5BC73ABFC5FF}.Debug|Any CPU.Build.0 = Debug|Any CPU
		{7892E032-EB77-47CB-AC93-5BC73ABFC5FF}.Release|Any CPU.ActiveCfg = Release|Any CPU
		{7892E032-EB77-47CB-AC93-5BC73ABFC5FF}.Release|Any CPU.Build.0 = Release|Any CPU
	EndGlobalSection
EndGlobal
